github.com/gtank/blake2 v0.1.1 h1:gH1q+hkkXvUC5Mmu/B+V2KNjsXZfdc2X1PAUE9oU50w=
github.com/gtank/blake2 v0.1.1/go.mod h1:84L+tmDOofhAKi06/rbQ94KUHs4kA/JqiA8M/6LToXA=
golang.org/x/crypto v0.31.0 h1:ihbySMvVjLAeSH1IbfcRTkD/iNscyz8rGzjF/E5hV6U=
golang.org/x/crypto v0.31.0/go.mod h1:kDsLvtWBEx7MV9tJOj9bnXsPbxwJQ6csT/x4KIN4Ssk=
golang.org/x/sys v0.28.0 h1:Fksou7UEQUWlKvIdsqzJmUmCX3cZuD2+P3XyyzwMhlA=
golang.org/x/sys v0.28.0/go.mod h1:/VUhepiaJMQUp4+oa/7Zr1D23ma6VTLIYjOOTFZPUcA=
